
Microsoft Visual Studio Solution File, Format Version 12.00
# Visual Studio 15
Project("{FAE04EC0-301F-11D3-BF4B-00C04F79EFBC}") = "Zenject-UnitTests-Editor", "Zenject-UnitTests-Editor.csproj", "{0738D5DD-A2E8-23C5-2884-C996719C3463}"
EndProject
Project("{FAE04EC0-301F-11D3-BF4B-00C04F79EFBC}") = "Zenject", "Zenject.csproj", "{A7481770-A18F-6A7B-FB34-B1C3C3AB9E21}"
EndProject
Project("{FAE04EC0-301F-11D3-BF4B-00C04F79EFBC}") = "Assembly-CSharp", "Assembly-CSharp.csproj", "{ACB3A7E2-EEFF-A0F2-4553-4EB792571348}"
EndProject
Project("{FAE04EC0-301F-11D3-BF4B-00C04F79EFBC}") = "Zenject-IntegrationTests-Editor", "Zenject-IntegrationTests-Editor.csproj", "{891DCB60-5FEF-77E5-ED8F-333741538ADB}"
EndProject
Project("{FAE04EC0-301F-11D3-BF4B-00C04F79EFBC}") = "Zenject-TestFramework", "Zenject-TestFramework.csproj", "{EB882B91-B560-390D-6E46-9722966C1D1F}"
EndProject
Project("{FAE04EC0-301F-11D3-BF4B-00C04F79EFBC}") = "JGM.Game", "JGM.Game.csproj", "{2BC592DF-BD50-6EAE-EBEC-4C640BB0C67D}"
EndProject
Project("{FAE04EC0-301F-11D3-BF4B-00C04F79EFBC}") = "Zenject-ReflectionBaking-Editor", "Zenject-ReflectionBaking-Editor.csproj", "{F320088A-36C6-99A2-AB4C-2FF528C0FE2D}"
EndProject
Project("{FAE04EC0-301F-11D3-BF4B-00C04F79EFBC}") = "Assembly-CSharp-firstpass", "Assembly-CSharp-firstpass.csproj", "{BC9D8B56-102F-F136-1DD1-772052B68343}"
EndProject
Project("{FAE04EC0-301F-11D3-BF4B-00C04F79EFBC}") = "Zenject-IntegrationTests", "Zenject-IntegrationTests.csproj", "{CA47714C-C8B9-BFE4-7DB4-F58B22F67112}"
EndProject
Project("{FAE04EC0-301F-11D3-BF4B-00C04F79EFBC}") = "Zenject-Editor", "Zenject-Editor.csproj", "{047D3B3B-7BD4-2F3D-AB66-DADA3878193D}"
EndProject
Project("{FAE04EC0-301F-11D3-BF4B-00C04F79EFBC}") = "Assembly-CSharp-Editor", "Assembly-CSharp-Editor.csproj", "{4BA221E1-C4EC-2B05-C4C6-D80A13D48930}"
EndProject
Project("{FAE04EC0-301F-11D3-BF4B-00C04F79EFBC}") = "Zenject-PoolMonitor-Editor", "Zenject-PoolMonitor-Editor.csproj", "{5ADC0F25-725B-1764-AEC6-0CC99767EFB4}"
EndProject
Project("{FAE04EC0-301F-11D3-BF4B-00C04F79EFBC}") = "JGM.GameTests", "JGM.GameTests.csproj", "{77F55400-C744-C6C1-1091-47B7B69F1F67}"
EndProject
Global
	GlobalSection(SolutionConfigurationPlatforms) = preSolution
		Debug|Any CPU = Debug|Any CPU
		Release|Any CPU = Release|Any CPU
	EndGlobalSection
	GlobalSection(ProjectConfigurationPlatforms) = postSolution
		{0738D5DD-A2E8-23C5-2884-C996719C3463}.Debug|Any CPU.ActiveCfg = Debug|Any CPU
		{0738D5DD-A2E8-23C5-2884-C996719C3463}.Debug|Any CPU.Build.0 = Debug|Any CPU
		{0738D5DD-A2E8-23C5-2884-C996719C3463}.Release|Any CPU.ActiveCfg = Release|Any CPU
		{0738D5DD-A2E8-23C5-2884-C996719C3463}.Release|Any CPU.Build.0 = Release|Any CPU
		{A7481770-A18F-6A7B-FB34-B1C3C3AB9E21}.Debug|Any CPU.ActiveCfg = Debug|Any CPU
		{A7481770-A18F-6A7B-FB34-B1C3C3AB9E21}.Debug|Any CPU.Build.0 = Debug|Any CPU
		{A7481770-A18F-6A7B-FB34-B1C3C3AB9E21}.Release|Any CPU.ActiveCfg = Release|Any CPU
		{A7481770-A18F-6A7B-FB34-B1C3C3AB9E21}.Release|Any CPU.Build.0 = Release|Any CPU
		{ACB3A7E2-EEFF-A0F2-4553-4EB792571348}.Debug|Any CPU.ActiveCfg = Debug|Any CPU
		{ACB3A7E2-EEFF-A0F2-4553-4EB792571348}.Debug|Any CPU.Build.0 = Debug|Any CPU
		{ACB3A7E2-EEFF-A0F2-4553-4EB792571348}.Release|Any CPU.ActiveCfg = Release|Any CPU
		{ACB3A7E2-EEFF-A0F2-4553-4EB792571348}.Release|Any CPU.Build.0 = Release|Any CPU
		{891DCB60-5FEF-77E5-ED8F-333741538ADB}.Debug|Any CPU.ActiveCfg = Debug|Any CPU
		{891DCB60-5FEF-77E5-ED8F-333741538ADB}.Debug|Any CPU.Build.0 = Debug|Any CPU
		{891DCB60-5FEF-77E5-ED8F-333741538ADB}.Release|Any CPU.ActiveCfg = Release|Any CPU
		{891DCB60-5FEF-77E5-ED8F-333741538ADB}.Release|Any CPU.Build.0 = Release|Any CPU
		{EB882B91-B560-390D-6E46-9722966C1D1F}.Debug|Any CPU.ActiveCfg = Debug|Any CPU
		{EB882B91-B560-390D-6E46-9722966C1D1F}.Debug|Any CPU.Build.0 = Debug|Any CPU
		{EB882B91-B560-390D-6E46-9722966C1D1F}.Release|Any CPU.ActiveCfg = Release|Any CPU
		{EB882B91-B560-390D-6E46-9722966C1D1F}.Release|Any CPU.Build.0 = Release|Any CPU
		{2BC592DF-BD50-6EAE-EBEC-4C640BB0C67D}.Debug|Any CPU.ActiveCfg = Debug|Any CPU
		{2BC592DF-BD50-6EAE-EBEC-4C640BB0C67D}.Debug|Any CPU.Build.0 = Debug|Any CPU
		{2BC592DF-BD50-6EAE-EBEC-4C640BB0C67D}.Release|Any CPU.ActiveCfg = Release|Any CPU
		{2BC592DF-BD50-6EAE-EBEC-4C640BB0C67D}.Release|Any CPU.Build.0 = Release|Any CPU
		{F320088A-36C6-99A2-AB4C-2FF528C0FE2D}.Debug|Any CPU.ActiveCfg = Debug|Any CPU
		{F320088A-36C6-99A2-AB4C-2FF528C0FE2D}.Debug|Any CPU.Build.0 = Debug|Any CPU
		{F320088A-36C6-99A2-AB4C-2FF528C0FE2D}.Release|Any CPU.ActiveCfg = Release|Any CPU
		{F320088A-36C6-99A2-AB4C-2FF528C0FE2D}.Release|Any CPU.Build.0 = Release|Any CPU
		{BC9D8B56-102F-F136-1DD1-772052B68343}.Debug|Any CPU.ActiveCfg = Debug|Any CPU
		{BC9D8B56-102F-F136-1DD1-772052B68343}.Debug|Any CPU.Build.0 = Debug|Any CPU
		{BC9D8B56-102F-F136-1DD1-772052B68343}.Release|Any CPU.ActiveCfg = Release|Any CPU
		{BC9D8B56-102F-F136-1DD1-772052B68343}.Release|Any CPU.Build.0 = Release|Any CPU
		{CA47714C-C8B9-BFE4-7DB4-F58B22F67112}.Debug|Any CPU.ActiveCfg = Debug|Any CPU
		{CA47714C-C8B9-BFE4-7DB4-F58B22F67112}.Debug|Any CPU.Build.0 = Debug|Any CPU
		{CA47714C-C8B9-BFE4-7DB4-F58B22F67112}.Release|Any CPU.ActiveCfg = Release|Any CPU
		{CA47714C-C8B9-BFE4-7DB4-F58B22F67112}.Release|Any CPU.Build.0 = Release|Any CPU
		{047D3B3B-7BD4-2F3D-AB66-DADA3878193D}.Debug|Any CPU.ActiveCfg = Debug|Any CPU
		{047D3B3B-7BD4-2F3D-AB66-DADA3878193D}.Debug|Any CPU.Build.0 = Debug|Any CPU
		{047D3B3B-7BD4-2F3D-AB66-DADA3878193D}.Release|Any CPU.ActiveCfg = Release|Any CPU
		{047D3B3B-7BD4-2F3D-AB66-DADA3878193D}.Release|Any CPU.Build.0 = Release|Any CPU
		{4BA221E1-C4EC-2B05-C4C6-D80A13D48930}.Debug|Any CPU.ActiveCfg = Debug|Any CPU
		{4BA221E1-C4EC-2B05-C4C6-D80A13D48930}.Debug|Any CPU.Build.0 = Debug|Any CPU
		{4BA221E1-C4EC-2B05-C4C6-D80A13D48930}.Release|Any CPU.ActiveCfg = Release|Any CPU
		{4BA221E1-C4EC-2B05-C4C6-D80A13D48930}.Release|Any CPU.Build.0 = Release|Any CPU
		{5ADC0F25-725B-1764-AEC6-0CC99767EFB4}.Debug|Any CPU.ActiveCfg = Debug|Any CPU
		{5ADC0F25-725B-1764-AEC6-0CC99767EFB4}.Debug|Any CPU.Build.0 = Debug|Any CPU
		{5ADC0F25-725B-1764-AEC6-0CC99767EFB4}.Release|Any CPU.ActiveCfg = Release|Any CPU
		{5ADC0F25-725B-1764-AEC6-0CC99767EFB4}.Release|Any CPU.Build.0 = Release|Any CPU
		{77F55400-C744-C6C1-1091-47B7B69F1F67}.Debug|Any CPU.ActiveCfg = Debug|Any CPU
		{77F55400-C744-C6C1-1091-47B7B69F1F67}.Debug|Any CPU.Build.0 = Debug|Any CPU
		{77F55400-C744-C6C1-1091-47B7B69F1F67}.Release|Any CPU.ActiveCfg = Release|Any CPU
		{77F55400-C744-C6C1-1091-47B7B69F1F67}.Release|Any CPU.Build.0 = Release|Any CPU
	EndGlobalSection
	GlobalSection(SolutionProperties) = preSolution
		HideSolutionNode = FALSE
	EndGlobalSection
EndGlobal
